# This file is automatically @generated by Cargo.
# It is not intended for manual editing.
version = 4

[[package]]
name = "cross_call_worker"
version = "0.1.0"
dependencies = [
 "plugify",
]

[[package]]
name = "plugify"
version = "1.2.1"
source = "git+https://github.com/untrustedmodders/rust-plugify?tag=plugify-v1.2.1#6498150d506ea298135acc45b46544c81af08ff8"
