# This file is automatically @generated by Cargo.
# It is not intended for manual editing.
version = 4

[[package]]
name = "cross_call_worker"
version = "0.1.0"
dependencies = [
 "plugify",
]

[[package]]
name = "plugify"
version = "1.4.2"
source = "git+https://github.com/untrustedmodders/rust-plugify?tag=plugify-v1.4.2#1f149a543ab6319a833b3962c82842b5471da93e"
