# This file is automatically @generated by Cargo.
# It is not intended for manual editing.
version = 4

[[package]]
name = "cross_call_worker"
version = "0.1.0"
dependencies = [
 "plugify",
]

[[package]]
name = "plugify"
version = "1.3.4"
source = "git+https://github.com/untrustedmodders/rust-plugify?tag=plugify-v1.3.4#506917583bffda7134e1cabea98d75cb83802f66"
